
Microsoft Visual Studio Solution File, Format Version 12.00
# Visual Studio 15
VisualStudioVersion = 15.0.28307.329
MinimumVisualStudioVersion = 10.0.40219.1
Project("{FAE04EC0-301F-11D3-BF4B-00C04F79EFBC}") = "ManutencaoPreventiva", "src\ManutencaoPreventiva\ManutencaoPreventiva.csproj", "{17CE666B-A622-485F-94FF-5973C74A5535}"
EndProject
Global
	GlobalSection(SolutionConfigurationPlatforms) = preSolution
		Debug|Any CPU = Debug|Any CPU
		Release|Any CPU = Release|Any CPU
	EndGlobalSection
	GlobalSection(ProjectConfigurationPlatforms) = postSolution
		{17CE666B-A622-485F-94FF-5973C74A5535}.Debug|Any CPU.ActiveCfg = Debug|Any CPU
		{17CE666B-A622-485F-94FF-5973C74A5535}.Debug|Any CPU.Build.0 = Debug|Any CPU
		{17CE666B-A622-485F-94FF-5973C74A5535}.Release|Any CPU.ActiveCfg = Release|Any CPU
		{17CE666B-A622-485F-94FF-5973C74A5535}.Release|Any CPU.Build.0 = Release|Any CPU
	EndGlobalSection
	GlobalSection(SolutionProperties) = preSolution
		HideSolutionNode = FALSE
	EndGlobalSection
	GlobalSection(ExtensibilityGlobals) = postSolution
		SolutionGuid = {BCE75C17-C96E-409F-B11D-BB61CCA54A50}
	EndGlobalSection
EndGlobal
